
Microsoft Visual Studio Solution File, Format Version 12.00
# Visual Studio Version 16
VisualStudioVersion = 16.0.30523.141
MinimumVisualStudioVersion = 10.0.40219.1
Project("{FAE04EC0-301F-11D3-BF4B-00C04F79EFBC}") = "RmcCardReader", "RmcCardReader\RmcCardReader.csproj", "{BAB16ACC-D547-4F17-915E-4303E717EA0C}"
EndProject
Project("{FAE04EC0-301F-11D3-BF4B-00C04F79EFBC}") = "RmcCardReaderGui", "RmcCardReaderGui\RmcCardReaderGui.csproj", "{5F996A54-0120-4F12-90F4-32711227AE4D}"
EndProject
Global
	GlobalSection(SolutionConfigurationPlatforms) = preSolution
		Debug|Any CPU = Debug|Any CPU
		Release|Any CPU = Release|Any CPU
	EndGlobalSection
	GlobalSection(ProjectConfigurationPlatforms) = postSolution
		{BAB16ACC-D547-4F17-915E-4303E717EA0C}.Debug|Any CPU.ActiveCfg = Debug|Any CPU
		{BAB16ACC-D547-4F17-915E-4303E717EA0C}.Debug|Any CPU.Build.0 = Debug|Any CPU
		{BAB16ACC-D547-4F17-915E-4303E717EA0C}.Release|Any CPU.ActiveCfg = Release|Any CPU
		{BAB16ACC-D547-4F17-915E-4303E717EA0C}.Release|Any CPU.Build.0 = Release|Any CPU
		{5F996A54-0120-4F12-90F4-32711227AE4D}.Debug|Any CPU.ActiveCfg = Debug|Any CPU
		{5F996A54-0120-4F12-90F4-32711227AE4D}.Debug|Any CPU.Build.0 = Debug|Any CPU
		{5F996A54-0120-4F12-90F4-32711227AE4D}.Release|Any CPU.ActiveCfg = Release|Any CPU
		{5F996A54-0120-4F12-90F4-32711227AE4D}.Release|Any CPU.Build.0 = Release|Any CPU
	EndGlobalSection
	GlobalSection(SolutionProperties) = preSolution
		HideSolutionNode = FALSE
	EndGlobalSection
	GlobalSection(ExtensibilityGlobals) = postSolution
		SolutionGuid = {F6E66096-81FD-44D4-A994-322437FCA49F}
	EndGlobalSection
EndGlobal
